
Microsoft Visual Studio Solution File, Format Version 12.00
# Visual Studio 15
VisualStudioVersion = 15.0.28307.1231
MinimumVisualStudioVersion = 10.0.40219.1
Project("{FAE04EC0-301F-11D3-BF4B-00C04F79EFBC}") = "OnlineDay04_01", "OnlineDay04_01\OnlineDay04_01.csproj", "{FCFAD89B-B650-4CE3-911E-A552F946A789}"
EndProject
Global
	GlobalSection(SolutionConfigurationPlatforms) = preSolution
		Debug|Any CPU = Debug|Any CPU
		Release|Any CPU = Release|Any CPU
	EndGlobalSection
	GlobalSection(ProjectConfigurationPlatforms) = postSolution
		{FCFAD89B-B650-4CE3-911E-A552F946A789}.Debug|Any CPU.ActiveCfg = Debug|Any CPU
		{FCFAD89B-B650-4CE3-911E-A552F946A789}.Debug|Any CPU.Build.0 = Debug|Any CPU
		{FCFAD89B-B650-4CE3-911E-A552F946A789}.Release|Any CPU.ActiveCfg = Release|Any CPU
		{FCFAD89B-B650-4CE3-911E-A552F946A789}.Release|Any CPU.Build.0 = Release|Any CPU
	EndGlobalSection
	GlobalSection(SolutionProperties) = preSolution
		HideSolutionNode = FALSE
	EndGlobalSection
	GlobalSection(ExtensibilityGlobals) = postSolution
		SolutionGuid = {2A773961-A223-4E3E-8968-894212005343}
	EndGlobalSection
EndGlobal
